// !$*UTF8*$!
{
	archiveVersion = 1;
	classes = {
	};
	objectVersion = 56;
	objects = {

/* Begin PBXBuildFile section */
		893315032A9EE9CA00BA168E /* AppDelegate.swift in Sources */ = {isa = PBXBuildFile; fileRef = 893315022A9EE9CA00BA168E /* AppDelegate.swift */; };
		893315052A9EE9CA00BA168E /* SceneDelegate.swift in Sources */ = {isa = PBXBuildFile; fileRef = 893315042A9EE9CA00BA168E /* SceneDelegate.swift */; };
		893315072A9EE9CA00BA168E /* HomeViewController.swift in Sources */ = {isa = PBXBuildFile; fileRef = 893315062A9EE9CA00BA168E /* HomeViewController.swift */; };
		8933150C2A9EE9CC00BA168E /* Assets.xcassets in Resources */ = {isa = PBXBuildFile; fileRef = 8933150B2A9EE9CC00BA168E /* Assets.xcassets */; };
		8933150F2A9EE9CC00BA168E /* LaunchScreen.storyboard in Resources */ = {isa = PBXBuildFile; fileRef = 8933150D2A9EE9CC00BA168E /* LaunchScreen.storyboard */; };
		89B315F12AA2A2480075F44B /* SnapshotTesting in Frameworks */ = {isa = PBXBuildFile; productRef = 89B315F02AA2A2480075F44B /* SnapshotTesting */; };
		89B3160A2AA2A7500075F44B /* HomeViewControllerTests.swift in Sources */ = {isa = PBXBuildFile; fileRef = 89B316092AA2A7500075F44B /* HomeViewControllerTests.swift */; };
		89B316122AA2A7840075F44B /* SnapshotTesting in Frameworks */ = {isa = PBXBuildFile; productRef = 89B316112AA2A7840075F44B /* SnapshotTesting */; settings = {ATTRIBUTES = (Required, ); }; };
/* End PBXBuildFile section */

/* Begin PBXContainerItemProxy section */
		89B3160B2AA2A7500075F44B /* PBXContainerItemProxy */ = {
			isa = PBXContainerItemProxy;
			containerPortal = 893314F72A9EE9CA00BA168E /* Project object */;
			proxyType = 1;
			remoteGlobalIDString = 893314FE2A9EE9CA00BA168E;
			remoteInfo = MovieTrending;
		};
/* End PBXContainerItemProxy section */

/* Begin PBXFileReference section */
		893314FF2A9EE9CA00BA168E /* MovieTrending.app */ = {isa = PBXFileReference; explicitFileType = wrapper.application; includeInIndex = 0; path = MovieTrending.app; sourceTree = BUILT_PRODUCTS_DIR; };
		893315022A9EE9CA00BA168E /* AppDelegate.swift */ = {isa = PBXFileReference; lastKnownFileType = sourcecode.swift; path = AppDelegate.swift; sourceTree = "<group>"; };
		893315042A9EE9CA00BA168E /* SceneDelegate.swift */ = {isa = PBXFileReference; lastKnownFileType = sourcecode.swift; path = SceneDelegate.swift; sourceTree = "<group>"; };
		893315062A9EE9CA00BA168E /* HomeViewController.swift */ = {isa = PBXFileReference; lastKnownFileType = sourcecode.swift; path = HomeViewController.swift; sourceTree = "<group>"; };
		8933150B2A9EE9CC00BA168E /* Assets.xcassets */ = {isa = PBXFileReference; lastKnownFileType = folder.assetcatalog; path = Assets.xcassets; sourceTree = "<group>"; };
		8933150E2A9EE9CC00BA168E /* Base */ = {isa = PBXFileReference; lastKnownFileType = file.storyboard; name = Base; path = Base.lproj/LaunchScreen.storyboard; sourceTree = "<group>"; };
		893315102A9EE9CC00BA168E /* Info.plist */ = {isa = PBXFileReference; lastKnownFileType = text.plist.xml; path = Info.plist; sourceTree = "<group>"; };
		89B316072AA2A7500075F44B /* MovieTrendingTests.xctest */ = {isa = PBXFileReference; explicitFileType = wrapper.cfbundle; includeInIndex = 0; path = MovieTrendingTests.xctest; sourceTree = BUILT_PRODUCTS_DIR; };
		89B316092AA2A7500075F44B /* HomeViewControllerTests.swift */ = {isa = PBXFileReference; lastKnownFileType = sourcecode.swift; path = HomeViewControllerTests.swift; sourceTree = "<group>"; };
/* End PBXFileReference section */

/* Begin PBXFrameworksBuildPhase section */
		893314FC2A9EE9CA00BA168E /* Frameworks */ = {
			isa = PBXFrameworksBuildPhase;
			buildActionMask = 2147483647;
			files = (
				89B315F12AA2A2480075F44B /* SnapshotTesting in Frameworks */,
			);
			runOnlyForDeploymentPostprocessing = 0;
		};
		89B316042AA2A7500075F44B /* Frameworks */ = {
			isa = PBXFrameworksBuildPhase;
			buildActionMask = 2147483647;
			files = (
				89B316122AA2A7840075F44B /* SnapshotTesting in Frameworks */,
			);
			runOnlyForDeploymentPostprocessing = 0;
		};
/* End PBXFrameworksBuildPhase section */

/* Begin PBXGroup section */
		893314F62A9EE9CA00BA168E = {
			isa = PBXGroup;
			children = (
				893315012A9EE9CA00BA168E /* MovieTrending */,
				89B316082AA2A7500075F44B /* MovieTrendingTests */,
				893315002A9EE9CA00BA168E /* Products */,
				89B316102AA2A7840075F44B /* Frameworks */,
			);
			sourceTree = "<group>";
		};
		893315002A9EE9CA00BA168E /* Products */ = {
			isa = PBXGroup;
			children = (
				893314FF2A9EE9CA00BA168E /* MovieTrending.app */,
				89B316072AA2A7500075F44B /* MovieTrendingTests.xctest */,
			);
			name = Products;
			sourceTree = "<group>";
		};
		893315012A9EE9CA00BA168E /* MovieTrending */ = {
			isa = PBXGroup;
			children = (
				893315022A9EE9CA00BA168E /* AppDelegate.swift */,
				893315042A9EE9CA00BA168E /* SceneDelegate.swift */,
				893315102A9EE9CC00BA168E /* Info.plist */,
				893315192A9EF1A100BA168E /* Classes */,
				8933151B2A9EF1B000BA168E /* Controllers */,
				893315172A9EF18800BA168E /* Extensions */,
				8933151A2A9EF1AA00BA168E /* Model */,
				893315162A9EF18100BA168E /* Networking */,
				893315182A9EF19100BA168E /* Resources */,
				8933151C2A9EF1BE00BA168E /* View */,
				8933151D2A9EF1D600BA168E /* ViewModel */,
			);
			path = MovieTrending;
			sourceTree = "<group>";
		};
		893315162A9EF18100BA168E /* Networking */ = {
			isa = PBXGroup;
			children = (
			);
			path = Networking;
			sourceTree = "<group>";
		};
		893315172A9EF18800BA168E /* Extensions */ = {
			isa = PBXGroup;
			children = (
			);
			path = Extensions;
			sourceTree = "<group>";
		};
		893315182A9EF19100BA168E /* Resources */ = {
			isa = PBXGroup;
			children = (
				8933150B2A9EE9CC00BA168E /* Assets.xcassets */,
			);
			path = Resources;
			sourceTree = "<group>";
		};
		893315192A9EF1A100BA168E /* Classes */ = {
			isa = PBXGroup;
			children = (
			);
			path = Classes;
			sourceTree = "<group>";
		};
		8933151A2A9EF1AA00BA168E /* Model */ = {
			isa = PBXGroup;
			children = (
			);
			path = Model;
			sourceTree = "<group>";
		};
		8933151B2A9EF1B000BA168E /* Controllers */ = {
			isa = PBXGroup;
			children = (
				89B315EA2AA29B0A0075F44B /* HomeViewController */,
			);
			path = Controllers;
			sourceTree = "<group>";
		};
		8933151C2A9EF1BE00BA168E /* View */ = {
			isa = PBXGroup;
			children = (
				8933150D2A9EE9CC00BA168E /* LaunchScreen.storyboard */,
			);
			path = View;
			sourceTree = "<group>";
		};
		8933151D2A9EF1D600BA168E /* ViewModel */ = {
			isa = PBXGroup;
			children = (
			);
			path = ViewModel;
			sourceTree = "<group>";
		};
		89B315EA2AA29B0A0075F44B /* HomeViewController */ = {
			isa = PBXGroup;
			children = (
				893315062A9EE9CA00BA168E /* HomeViewController.swift */,
			);
			path = HomeViewController;
			sourceTree = "<group>";
		};
		89B316082AA2A7500075F44B /* MovieTrendingTests */ = {
			isa = PBXGroup;
			children = (
				89B316092AA2A7500075F44B /* HomeViewControllerTests.swift */,
			);
			path = MovieTrendingTests;
			sourceTree = "<group>";
		};
		89B316102AA2A7840075F44B /* Frameworks */ = {
			isa = PBXGroup;
			children = (
			);
			name = Frameworks;
			sourceTree = "<group>";
		};
/* End PBXGroup section */

/* Begin PBXNativeTarget section */
		893314FE2A9EE9CA00BA168E /* MovieTrending */ = {
			isa = PBXNativeTarget;
			buildConfigurationList = 893315132A9EE9CC00BA168E /* Build configuration list for PBXNativeTarget "MovieTrending" */;
			buildPhases = (
				893314FB2A9EE9CA00BA168E /* Sources */,
				893314FC2A9EE9CA00BA168E /* Frameworks */,
				893314FD2A9EE9CA00BA168E /* Resources */,
			);
			buildRules = (
			);
			dependencies = (
			);
			name = MovieTrending;
			packageProductDependencies = (
				89B315F02AA2A2480075F44B /* SnapshotTesting */,
			);
			productName = MovieTrending;
			productReference = 893314FF2A9EE9CA00BA168E /* MovieTrending.app */;
			productType = "com.apple.product-type.application";
		};
		89B316062AA2A7500075F44B /* MovieTrendingTests */ = {
			isa = PBXNativeTarget;
			buildConfigurationList = 89B3160D2AA2A7500075F44B /* Build configuration list for PBXNativeTarget "MovieTrendingTests" */;
			buildPhases = (
				89B316032AA2A7500075F44B /* Sources */,
				89B316042AA2A7500075F44B /* Frameworks */,
				89B316052AA2A7500075F44B /* Resources */,
			);
			buildRules = (
			);
			dependencies = (
				89B3160C2AA2A7500075F44B /* PBXTargetDependency */,
			);
			name = MovieTrendingTests;
			packageProductDependencies = (
				89B316112AA2A7840075F44B /* SnapshotTesting */,
			);
			productName = MovieTrendingTests;
			productReference = 89B316072AA2A7500075F44B /* MovieTrendingTests.xctest */;
			productType = "com.apple.product-type.bundle.unit-test";
		};
/* End PBXNativeTarget section */

/* Begin PBXProject section */
		893314F72A9EE9CA00BA168E /* Project object */ = {
			isa = PBXProject;
			attributes = {
				BuildIndependentTargetsInParallel = 1;
				LastSwiftUpdateCheck = 1430;
				LastUpgradeCheck = 1430;
				TargetAttributes = {
					893314FE2A9EE9CA00BA168E = {
						CreatedOnToolsVersion = 14.3;
					};
					89B316062AA2A7500075F44B = {
						CreatedOnToolsVersion = 14.3;
						TestTargetID = 893314FE2A9EE9CA00BA168E;
					};
				};
			};
			buildConfigurationList = 893314FA2A9EE9CA00BA168E /* Build configuration list for PBXProject "MovieTrending" */;
			compatibilityVersion = "Xcode 14.0";
			developmentRegion = en;
			hasScannedForEncodings = 0;
			knownRegions = (
				en,
				Base,
			);
			mainGroup = 893314F62A9EE9CA00BA168E;
			packageReferences = (
				89B315EF2AA2A2480075F44B /* XCRemoteSwiftPackageReference "swift-snapshot-testing" */,
			);
			productRefGroup = 893315002A9EE9CA00BA168E /* Products */;
			projectDirPath = "";
			projectRoot = "";
			targets = (
				893314FE2A9EE9CA00BA168E /* MovieTrending */,
				89B316062AA2A7500075F44B /* MovieTrendingTests */,
			);
		};
/* End PBXProject section */

/* Begin PBXResourcesBuildPhase section */
		893314FD2A9EE9CA00BA168E /* Resources */ = {
			isa = PBXResourcesBuildPhase;
			buildActionMask = 2147483647;
			files = (
				8933150F2A9EE9CC00BA168E /* LaunchScreen.storyboard in Resources */,
				8933150C2A9EE9CC00BA168E /* Assets.xcassets in Resources */,
			);
			runOnlyForDeploymentPostprocessing = 0;
		};
		89B316052AA2A7500075F44B /* Resources */ = {
			isa = PBXResourcesBuildPhase;
			buildActionMask = 2147483647;
			files = (
			);
			runOnlyForDeploymentPostprocessing = 0;
		};
/* End PBXResourcesBuildPhase section */

/* Begin PBXSourcesBuildPhase section */
		893314FB2A9EE9CA00BA168E /* Sources */ = {
			isa = PBXSourcesBuildPhase;
			buildActionMask = 2147483647;
			files = (
				893315072A9EE9CA00BA168E /* HomeViewController.swift in Sources */,
				893315032A9EE9CA00BA168E /* AppDelegate.swift in Sources */,
				893315052A9EE9CA00BA168E /* SceneDelegate.swift in Sources */,
			);
			runOnlyForDeploymentPostprocessing = 0;
		};
		89B316032AA2A7500075F44B /* Sources */ = {
			isa = PBXSourcesBuildPhase;
			buildActionMask = 2147483647;
			files = (
				89B3160A2AA2A7500075F44B /* HomeViewControllerTests.swift in Sources */,
			);
			runOnlyForDeploymentPostprocessing = 0;
		};
/* End PBXSourcesBuildPhase section */

/* Begin PBXTargetDependency section */
		89B3160C2AA2A7500075F44B /* PBXTargetDependency */ = {
			isa = PBXTargetDependency;
			target = 893314FE2A9EE9CA00BA168E /* MovieTrending */;
			targetProxy = 89B3160B2AA2A7500075F44B /* PBXContainerItemProxy */;
		};
/* End PBXTargetDependency section */

/* Begin PBXVariantGroup section */
		8933150D2A9EE9CC00BA168E /* LaunchScreen.storyboard */ = {
			isa = PBXVariantGroup;
			children = (
				8933150E2A9EE9CC00BA168E /* Base */,
			);
			name = LaunchScreen.storyboard;
			sourceTree = "<group>";
		};
/* End PBXVariantGroup section */

/* Begin XCBuildConfiguration section */
		893315112A9EE9CC00BA168E /* Debug */ = {
			isa = XCBuildConfiguration;
			buildSettings = {
				ALWAYS_SEARCH_USER_PATHS = NO;
				CLANG_ANALYZER_NONNULL = YES;
				CLANG_ANALYZER_NUMBER_OBJECT_CONVERSION = YES_AGGRESSIVE;
				CLANG_CXX_LANGUAGE_STANDARD = "gnu++20";
				CLANG_ENABLE_MODULES = YES;
				CLANG_ENABLE_OBJC_ARC = YES;
				CLANG_ENABLE_OBJC_WEAK = YES;
				CLANG_WARN_BLOCK_CAPTURE_AUTORELEASING = YES;
				CLANG_WARN_BOOL_CONVERSION = YES;
				CLANG_WARN_COMMA = YES;
				CLANG_WARN_CONSTANT_CONVERSION = YES;
				CLANG_WARN_DEPRECATED_OBJC_IMPLEMENTATIONS = YES;
				CLANG_WARN_DIRECT_OBJC_ISA_USAGE = YES_ERROR;
				CLANG_WARN_DOCUMENTATION_COMMENTS = YES;
				CLANG_WARN_EMPTY_BODY = YES;
				CLANG_WARN_ENUM_CONVERSION = YES;
				CLANG_WARN_INFINITE_RECURSION = YES;
				CLANG_WARN_INT_CONVERSION = YES;
				CLANG_WARN_NON_LITERAL_NULL_CONVERSION = YES;
				CLANG_WARN_OBJC_IMPLICIT_RETAIN_SELF = YES;
				CLANG_WARN_OBJC_LITERAL_CONVERSION = YES;
				CLANG_WARN_OBJC_ROOT_CLASS = YES_ERROR;
				CLANG_WARN_QUOTED_INCLUDE_IN_FRAMEWORK_HEADER = YES;
				CLANG_WARN_RANGE_LOOP_ANALYSIS = YES;
				CLANG_WARN_STRICT_PROTOTYPES = YES;
				CLANG_WARN_SUSPICIOUS_MOVE = YES;
				CLANG_WARN_UNGUARDED_AVAILABILITY = YES_AGGRESSIVE;
				CLANG_WARN_UNREACHABLE_CODE = YES;
				CLANG_WARN__DUPLICATE_METHOD_MATCH = YES;
				COPY_PHASE_STRIP = NO;
				DEBUG_INFORMATION_FORMAT = dwarf;
				ENABLE_STRICT_OBJC_MSGSEND = YES;
				ENABLE_TESTABILITY = YES;
				GCC_C_LANGUAGE_STANDARD = gnu11;
				GCC_DYNAMIC_NO_PIC = NO;
				GCC_NO_COMMON_BLOCKS = YES;
				GCC_OPTIMIZATION_LEVEL = 0;
				GCC_PREPROCESSOR_DEFINITIONS = (
					"DEBUG=1",
					"$(inherited)",
				);
				GCC_WARN_64_TO_32_BIT_CONVERSION = YES;
				GCC_WARN_ABOUT_RETURN_TYPE = YES_ERROR;
				GCC_WARN_UNDECLARED_SELECTOR = YES;
				GCC_WARN_UNINITIALIZED_AUTOS = YES_AGGRESSIVE;
				GCC_WARN_UNUSED_FUNCTION = YES;
				GCC_WARN_UNUSED_VARIABLE = YES;
				IPHONEOS_DEPLOYMENT_TARGET = 16.4;
				MTL_ENABLE_DEBUG_INFO = INCLUDE_SOURCE;
				MTL_FAST_MATH = YES;
				ONLY_ACTIVE_ARCH = YES;
				SDKROOT = iphoneos;
				SWIFT_ACTIVE_COMPILATION_CONDITIONS = DEBUG;
				SWIFT_OPTIMIZATION_LEVEL = "-Onone";
			};
			name = Debug;
		};
		893315122A9EE9CC00BA168E /* Release */ = {
			isa = XCBuildConfiguration;
			buildSettings = {
				ALWAYS_SEARCH_USER_PATHS = NO;
				CLANG_ANALYZER_NONNULL = YES;
				CLANG_ANALYZER_NUMBER_OBJECT_CONVERSION = YES_AGGRESSIVE;
				CLANG_CXX_LANGUAGE_STANDARD = "gnu++20";
				CLANG_ENABLE_MODULES = YES;
				CLANG_ENABLE_OBJC_ARC = YES;
				CLANG_ENABLE_OBJC_WEAK = YES;
				CLANG_WARN_BLOCK_CAPTURE_AUTORELEASING = YES;
				CLANG_WARN_BOOL_CONVERSION = YES;
				CLANG_WARN_COMMA = YES;
				CLANG_WARN_CONSTANT_CONVERSION = YES;
				CLANG_WARN_DEPRECATED_OBJC_IMPLEMENTATIONS = YES;
				CLANG_WARN_DIRECT_OBJC_ISA_USAGE = YES_ERROR;
				CLANG_WARN_DOCUMENTATION_COMMENTS = YES;
				CLANG_WARN_EMPTY_BODY = YES;
				CLANG_WARN_ENUM_CONVERSION = YES;
				CLANG_WARN_INFINITE_RECURSION = YES;
				CLANG_WARN_INT_CONVERSION = YES;
				CLANG_WARN_NON_LITERAL_NULL_CONVERSION = YES;
				CLANG_WARN_OBJC_IMPLICIT_RETAIN_SELF = YES;
				CLANG_WARN_OBJC_LITERAL_CONVERSION = YES;
				CLANG_WARN_OBJC_ROOT_CLASS = YES_ERROR;
				CLANG_WARN_QUOTED_INCLUDE_IN_FRAMEWORK_HEADER = YES;
				CLANG_WARN_RANGE_LOOP_ANALYSIS = YES;
				CLANG_WARN_STRICT_PROTOTYPES = YES;
				CLANG_WARN_SUSPICIOUS_MOVE = YES;
				CLANG_WARN_UNGUARDED_AVAILABILITY = YES_AGGRESSIVE;
				CLANG_WARN_UNREACHABLE_CODE = YES;
				CLANG_WARN__DUPLICATE_METHOD_MATCH = YES;
				COPY_PHASE_STRIP = NO;
				DEBUG_INFORMATION_FORMAT = "dwarf-with-dsym";
				ENABLE_NS_ASSERTIONS = NO;
				ENABLE_STRICT_OBJC_MSGSEND = YES;
				GCC_C_LANGUAGE_STANDARD = gnu11;
				GCC_NO_COMMON_BLOCKS = YES;
				GCC_WARN_64_TO_32_BIT_CONVERSION = YES;
				GCC_WARN_ABOUT_RETURN_TYPE = YES_ERROR;
				GCC_WARN_UNDECLARED_SELECTOR = YES;
				GCC_WARN_UNINITIALIZED_AUTOS = YES_AGGRESSIVE;
				GCC_WARN_UNUSED_FUNCTION = YES;
				GCC_WARN_UNUSED_VARIABLE = YES;
				IPHONEOS_DEPLOYMENT_TARGET = 16.4;
				MTL_ENABLE_DEBUG_INFO = NO;
				MTL_FAST_MATH = YES;
				SDKROOT = iphoneos;
				SWIFT_COMPILATION_MODE = wholemodule;
				SWIFT_OPTIMIZATION_LEVEL = "-O";
				VALIDATE_PRODUCT = YES;
			};
			name = Release;
		};
		893315142A9EE9CC00BA168E /* Debug */ = {
			isa = XCBuildConfiguration;
			buildSettings = {
				ASSETCATALOG_COMPILER_APPICON_NAME = AppIcon;
				ASSETCATALOG_COMPILER_GLOBAL_ACCENT_COLOR_NAME = AccentColor;
				CODE_SIGN_STYLE = Automatic;
				CURRENT_PROJECT_VERSION = 1;
				ENABLE_TESTING_SEARCH_PATHS = YES;
				GENERATE_INFOPLIST_FILE = YES;
				INFOPLIST_FILE = MovieTrending/Info.plist;
				INFOPLIST_KEY_UIApplicationSupportsIndirectInputEvents = YES;
				INFOPLIST_KEY_UILaunchStoryboardName = LaunchScreen;
				INFOPLIST_KEY_UISupportedInterfaceOrientations_iPad = "UIInterfaceOrientationPortrait UIInterfaceOrientationPortraitUpsideDown UIInterfaceOrientationLandscapeLeft UIInterfaceOrientationLandscapeRight";
				INFOPLIST_KEY_UISupportedInterfaceOrientations_iPhone = "UIInterfaceOrientationPortrait UIInterfaceOrientationLandscapeLeft UIInterfaceOrientationLandscapeRight";
				LD_RUNPATH_SEARCH_PATHS = (
					"$(inherited)",
					"@executable_path/Frameworks",
				);
				MARKETING_VERSION = 1.0;
				PRODUCT_BUNDLE_IDENTIFIER = com.sara.MovieTrending;
				PRODUCT_NAME = "$(TARGET_NAME)";
				SWIFT_EMIT_LOC_STRINGS = YES;
				SWIFT_VERSION = 5.0;
				TARGETED_DEVICE_FAMILY = "1,2";
			};
			name = Debug;
		};
		893315152A9EE9CC00BA168E /* Release */ = {
			isa = XCBuildConfiguration;
			buildSettings = {
				ASSETCATALOG_COMPILER_APPICON_NAME = AppIcon;
				ASSETCATALOG_COMPILER_GLOBAL_ACCENT_COLOR_NAME = AccentColor;
				CODE_SIGN_STYLE = Automatic;
				CURRENT_PROJECT_VERSION = 1;
				ENABLE_TESTING_SEARCH_PATHS = YES;
				GENERATE_INFOPLIST_FILE = YES;
				INFOPLIST_FILE = MovieTrending/Info.plist;
				INFOPLIST_KEY_UIApplicationSupportsIndirectInputEvents = YES;
				INFOPLIST_KEY_UILaunchStoryboardName = LaunchScreen;
				INFOPLIST_KEY_UISupportedInterfaceOrientations_iPad = "UIInterfaceOrientationPortrait UIInterfaceOrientationPortraitUpsideDown UIInterfaceOrientationLandscapeLeft UIInterfaceOrientationLandscapeRight";
				INFOPLIST_KEY_UISupportedInterfaceOrientations_iPhone = "UIInterfaceOrientationPortrait UIInterfaceOrientationLandscapeLeft UIInterfaceOrientationLandscapeRight";
				LD_RUNPATH_SEARCH_PATHS = (
					"$(inherited)",
					"@executable_path/Frameworks",
				);
				MARKETING_VERSION = 1.0;
				PRODUCT_BUNDLE_IDENTIFIER = com.sara.MovieTrending;
				PRODUCT_NAME = "$(TARGET_NAME)";
				SWIFT_EMIT_LOC_STRINGS = YES;
				SWIFT_VERSION = 5.0;
				TARGETED_DEVICE_FAMILY = "1,2";
			};
			name = Release;
		};
		89B3160E2AA2A7500075F44B /* Debug */ = {
			isa = XCBuildConfiguration;
			buildSettings = {
				BUNDLE_LOADER = "$(TEST_HOST)";
				CODE_SIGN_STYLE = Automatic;
				CURRENT_PROJECT_VERSION = 1;
				ENABLE_TESTING_SEARCH_PATHS = YES;
				GENERATE_INFOPLIST_FILE = YES;
				MARKETING_VERSION = 1.0;
				PRODUCT_BUNDLE_IDENTIFIER = com.sara.MovieTrendingTests;
				PRODUCT_NAME = "$(TARGET_NAME)";
				SWIFT_EMIT_LOC_STRINGS = NO;
				SWIFT_VERSION = 5.0;
				TARGETED_DEVICE_FAMILY = "1,2";
				TEST_HOST = "$(BUILT_PRODUCTS_DIR)/MovieTrending.app/$(BUNDLE_EXECUTABLE_FOLDER_PATH)/MovieTrending";
			};
			name = Debug;
		};
		89B3160F2AA2A7500075F44B /* Release */ = {
			isa = XCBuildConfiguration;
			buildSettings = {
				BUNDLE_LOADER = "$(TEST_HOST)";
				CODE_SIGN_STYLE = Automatic;
				CURRENT_PROJECT_VERSION = 1;
				ENABLE_TESTING_SEARCH_PATHS = YES;
				GENERATE_INFOPLIST_FILE = YES;
				MARKETING_VERSION = 1.0;
				PRODUCT_BUNDLE_IDENTIFIER = com.sara.MovieTrendingTests;
				PRODUCT_NAME = "$(TARGET_NAME)";
				SWIFT_EMIT_LOC_STRINGS = NO;
				SWIFT_VERSION = 5.0;
				TARGETED_DEVICE_FAMILY = "1,2";
				TEST_HOST = "$(BUILT_PRODUCTS_DIR)/MovieTrending.app/$(BUNDLE_EXECUTABLE_FOLDER_PATH)/MovieTrending";
			};
			name = Release;
		};
/* End XCBuildConfiguration section */

/* Begin XCConfigurationList section */
		893314FA2A9EE9CA00BA168E /* Build configuration list for PBXProject "MovieTrending" */ = {
			isa = XCConfigurationList;
			buildConfigurations = (
				893315112A9EE9CC00BA168E /* Debug */,
				893315122A9EE9CC00BA168E /* Release */,
			);
			defaultConfigurationIsVisible = 0;
			defaultConfigurationName = Release;
		};
		893315132A9EE9CC00BA168E /* Build configuration list for PBXNativeTarget "MovieTrending" */ = {
			isa = XCConfigurationList;
			buildConfigurations = (
				893315142A9EE9CC00BA168E /* Debug */,
				893315152A9EE9CC00BA168E /* Release */,
			);
			defaultConfigurationIsVisible = 0;
			defaultConfigurationName = Release;
		};
		89B3160D2AA2A7500075F44B /* Build configuration list for PBXNativeTarget "MovieTrendingTests" */ = {
			isa = XCConfigurationList;
			buildConfigurations = (
				89B3160E2AA2A7500075F44B /* Debug */,
				89B3160F2AA2A7500075F44B /* Release */,
			);
			defaultConfigurationIsVisible = 0;
			defaultConfigurationName = Release;
		};
/* End XCConfigurationList section */

/* Begin XCRemoteSwiftPackageReference section */
		89B315EF2AA2A2480075F44B /* XCRemoteSwiftPackageReference "swift-snapshot-testing" */ = {
			isa = XCRemoteSwiftPackageReference;
			repositoryURL = "https://github.com/pointfreeco/swift-snapshot-testing";
			requirement = {
				kind = upToNextMajorVersion;
				minimumVersion = 1.0.0;
			};
		};
/* End XCRemoteSwiftPackageReference section */

/* Begin XCSwiftPackageProductDependency section */
		89B315F02AA2A2480075F44B /* SnapshotTesting */ = {
			isa = XCSwiftPackageProductDependency;
			package = 89B315EF2AA2A2480075F44B /* XCRemoteSwiftPackageReference "swift-snapshot-testing" */;
			productName = SnapshotTesting;
		};
		89B316112AA2A7840075F44B /* SnapshotTesting */ = {
			isa = XCSwiftPackageProductDependency;
			package = 89B315EF2AA2A2480075F44B /* XCRemoteSwiftPackageReference "swift-snapshot-testing" */;
			productName = SnapshotTesting;
		};
/* End XCSwiftPackageProductDependency section */
	};
	rootObject = 893314F72A9EE9CA00BA168E /* Project object */;
}
